
Microsoft Visual Studio Solution File, Format Version 12.00
# Visual Studio Version 17
VisualStudioVersion = 17.0.31903.59
MinimumVisualStudioVersion = 10.0.40219.1
Project("{FAE04EC0-301F-11D3-BF4B-00C04F79EFBC}") = "ApiTMS", "ApiTMS.csproj", "{F04F15EF-9388-4C54-AB0C-09D14FDDFF0B}"
EndProject
Global
	GlobalSection(SolutionConfigurationPlatforms) = preSolution
		Debug|Any CPU = Debug|Any CPU
		Release|Any CPU = Release|Any CPU
	EndGlobalSection
	GlobalSection(ProjectConfigurationPlatforms) = postSolution
		{F04F15EF-9388-4C54-AB0C-09D14FDDFF0B}.Debug|Any CPU.ActiveCfg = Debug|Any CPU
		{F04F15EF-9388-4C54-AB0C-09D14FDDFF0B}.Debug|Any CPU.Build.0 = Debug|Any CPU
		{F04F15EF-9388-4C54-AB0C-09D14FDDFF0B}.Release|Any CPU.ActiveCfg = Release|Any CPU
		{F04F15EF-9388-4C54-AB0C-09D14FDDFF0B}.Release|Any CPU.Build.0 = Release|Any CPU
	EndGlobalSection
	GlobalSection(SolutionProperties) = preSolution
		HideSolutionNode = FALSE
	EndGlobalSection
	GlobalSection(ExtensibilityGlobals) = postSolution
		SolutionGuid = {42896F7C-12C6-402C-9077-A07BE249B722}
	EndGlobalSection
EndGlobal
